
Microsoft Visual Studio Solution File, Format Version 12.00
# Visual Studio Version 17
VisualStudioVersion = 17.6.33815.320
MinimumVisualStudioVersion = 10.0.40219.1
Project("{FAE04EC0-301F-11D3-BF4B-00C04F79EFBC}") = "RomanToInt", "RomanToInt.csproj", "{939259DC-6E63-4035-8951-43F83AF88D78}"
EndProject
Global
	GlobalSection(SolutionConfigurationPlatforms) = preSolution
		Debug|Any CPU = Debug|Any CPU
		Release|Any CPU = Release|Any CPU
	EndGlobalSection
	GlobalSection(ProjectConfigurationPlatforms) = postSolution
		{939259DC-6E63-4035-8951-43F83AF88D78}.Debug|Any CPU.ActiveCfg = Debug|Any CPU
		{939259DC-6E63-4035-8951-43F83AF88D78}.Debug|Any CPU.Build.0 = Debug|Any CPU
		{939259DC-6E63-4035-8951-43F83AF88D78}.Release|Any CPU.ActiveCfg = Release|Any CPU
		{939259DC-6E63-4035-8951-43F83AF88D78}.Release|Any CPU.Build.0 = Release|Any CPU
	EndGlobalSection
	GlobalSection(SolutionProperties) = preSolution
		HideSolutionNode = FALSE
	EndGlobalSection
	GlobalSection(ExtensibilityGlobals) = postSolution
		SolutionGuid = {EAC29ABC-EEC8-4894-BDA3-9E77B397CBD1}
	EndGlobalSection
EndGlobal
